
Microsoft Visual Studio Solution File, Format Version 12.00
# Visual Studio Version 17
VisualStudioVersion = 17.9.34616.47
MinimumVisualStudioVersion = 10.0.40219.1
Project("{9A19103F-16F7-4668-BE54-9A1E7A4F7556}") = "inheritance", "inheritance\inheritance.csproj", "{DEAD5FA2-0A88-46F6-9CEB-60944E237E1F}"
EndProject
Project("{9A19103F-16F7-4668-BE54-9A1E7A4F7556}") = "abstraction", "abstraction\abstraction.csproj", "{EE361328-D577-4728-A3CF-8649EC4FCD4C}"
EndProject
Project("{9A19103F-16F7-4668-BE54-9A1E7A4F7556}") = "tests_after_test", "tests_after_test\tests_after_test.csproj", "{583F3CCE-782C-4146-9E1D-9EF4CAE5B26D}"
EndProject
Project("{9A19103F-16F7-4668-BE54-9A1E7A4F7556}") = "polymorphism", "polymorphism\polymorphism.csproj", "{4D78A331-0B6A-441E-9344-16EB2E3B1F3E}"
EndProject
Project("{9A19103F-16F7-4668-BE54-9A1E7A4F7556}") = "encapsulation", "encapsulation\encapsulation.csproj", "{7B0A7916-4AB4-496F-87BD-BE41978DA606}"
EndProject
Project("{9A19103F-16F7-4668-BE54-9A1E7A4F7556}") = "keyword_static", "keyword_static\keyword_static.csproj", "{31BA072A-84DE-4E22-A119-06E8184AB689}"
EndProject
Project("{9A19103F-16F7-4668-BE54-9A1E7A4F7556}") = "extension_methods", "extension_methods\extension_methods.csproj", "{72AA4295-D4C0-4704-BB37-D0DF023F34CE}"
EndProject
Project("{9A19103F-16F7-4668-BE54-9A1E7A4F7556}") = "keyword_partial", "keyword_partial\keyword_partial.csproj", "{7B3EB547-9F35-417B-A32A-7576CAD39580}"
EndProject
Project("{9A19103F-16F7-4668-BE54-9A1E7A4F7556}") = "const_vs_readonly", "const_vs_readonly\const_vs_readonly.csproj", "{87F245F7-081C-4432-86CB-6E4E1229BE63}"
EndProject
Project("{9A19103F-16F7-4668-BE54-9A1E7A4F7556}") = "interfaces", "interfaces\interfaces.csproj", "{2DF16214-AB04-423C-87B7-777B7EA35854}"
EndProject
Project("{9A19103F-16F7-4668-BE54-9A1E7A4F7556}") = "interfaces_multiple_inheritance", "interfaces_part2\interfaces_multiple_inheritance.csproj", "{76D1A38E-3B0C-45FE-9E13-80BCE78DA9DD}"
EndProject
Project("{9A19103F-16F7-4668-BE54-9A1E7A4F7556}") = "interface_explicit_implementation", "interface_explicit_implementation\interface_explicit_implementation.csproj", "{5F84B942-309B-4318-BE79-DD4315000777}"
EndProject
Project("{9A19103F-16F7-4668-BE54-9A1E7A4F7556}") = "interface_default_implementation", "interface_default_implementation\interface_default_implementation.csproj", "{948431B5-6DC7-4A46-96D0-35717001742D}"
EndProject
Project("{9A19103F-16F7-4668-BE54-9A1E7A4F7556}") = "reference_and_value_types", "reference_and_value_types\reference_and_value_types.csproj", "{5F9FE210-063F-413F-88F1-C0C48783226B}"
EndProject
Project("{9A19103F-16F7-4668-BE54-9A1E7A4F7556}") = "generics", "generics\generics.csproj", "{397CF6B4-CA76-4CC0-BF3B-F60AC2E3498E}"
EndProject
Project("{9A19103F-16F7-4668-BE54-9A1E7A4F7556}") = "arrays", "arrays\arrays.csproj", "{CFA56B92-AB2F-4E62-A172-21C32B793F8E}"
EndProject
Project("{9A19103F-16F7-4668-BE54-9A1E7A4F7556}") = "data_structures_and_collections", "data_structures_and_collections\data_structures_and_collections.csproj", "{ACE4F9CB-DBD2-480E-A00C-192D30EF0331}"
EndProject
Project("{9A19103F-16F7-4668-BE54-9A1E7A4F7556}") = "struct_what_is_it", "struct_what_is_it\struct_what_is_it.csproj", "{7E23B42E-3746-4D30-A338-1C20EE636ED7}"
EndProject
Project("{9A19103F-16F7-4668-BE54-9A1E7A4F7556}") = "exception_handling", "exception_handling\exception_handling.csproj", "{C200D41E-E62F-404C-A1CF-076E8850103A}"
EndProject
Project("{FAE04EC0-301F-11D3-BF4B-00C04F79EFBC}") = "delegates", "delegates\delegates.csproj", "{9DD5DCFD-E9B9-4823-9FF4-C57FD7E200C2}"
EndProject
Project("{FAE04EC0-301F-11D3-BF4B-00C04F79EFBC}") = "delegates_practical_example", "delegates_practical_example\delegates_practical_example.csproj", "{EBA05BD7-27C3-43C1-8A12-FC6F73EB35F5}"
EndProject
Project("{FAE04EC0-301F-11D3-BF4B-00C04F79EFBC}") = "events", "events\events.csproj", "{128A6777-A9DF-4550-A904-834020F93114}"
EndProject
Global
	GlobalSection(SolutionConfigurationPlatforms) = preSolution
		Debug|Any CPU = Debug|Any CPU
		Release|Any CPU = Release|Any CPU
	EndGlobalSection
	GlobalSection(ProjectConfigurationPlatforms) = postSolution
		{DEAD5FA2-0A88-46F6-9CEB-60944E237E1F}.Debug|Any CPU.ActiveCfg = Debug|Any CPU
		{DEAD5FA2-0A88-46F6-9CEB-60944E237E1F}.Debug|Any CPU.Build.0 = Debug|Any CPU
		{DEAD5FA2-0A88-46F6-9CEB-60944E237E1F}.Release|Any CPU.ActiveCfg = Release|Any CPU
		{DEAD5FA2-0A88-46F6-9CEB-60944E237E1F}.Release|Any CPU.Build.0 = Release|Any CPU
		{EE361328-D577-4728-A3CF-8649EC4FCD4C}.Debug|Any CPU.ActiveCfg = Debug|Any CPU
		{EE361328-D577-4728-A3CF-8649EC4FCD4C}.Debug|Any CPU.Build.0 = Debug|Any CPU
		{EE361328-D577-4728-A3CF-8649EC4FCD4C}.Release|Any CPU.ActiveCfg = Release|Any CPU
		{EE361328-D577-4728-A3CF-8649EC4FCD4C}.Release|Any CPU.Build.0 = Release|Any CPU
		{583F3CCE-782C-4146-9E1D-9EF4CAE5B26D}.Debug|Any CPU.ActiveCfg = Debug|Any CPU
		{583F3CCE-782C-4146-9E1D-9EF4CAE5B26D}.Debug|Any CPU.Build.0 = Debug|Any CPU
		{583F3CCE-782C-4146-9E1D-9EF4CAE5B26D}.Release|Any CPU.ActiveCfg = Release|Any CPU
		{583F3CCE-782C-4146-9E1D-9EF4CAE5B26D}.Release|Any CPU.Build.0 = Release|Any CPU
		{4D78A331-0B6A-441E-9344-16EB2E3B1F3E}.Debug|Any CPU.ActiveCfg = Debug|Any CPU
		{4D78A331-0B6A-441E-9344-16EB2E3B1F3E}.Debug|Any CPU.Build.0 = Debug|Any CPU
		{4D78A331-0B6A-441E-9344-16EB2E3B1F3E}.Release|Any CPU.ActiveCfg = Release|Any CPU
		{4D78A331-0B6A-441E-9344-16EB2E3B1F3E}.Release|Any CPU.Build.0 = Release|Any CPU
		{7B0A7916-4AB4-496F-87BD-BE41978DA606}.Debug|Any CPU.ActiveCfg = Debug|Any CPU
		{7B0A7916-4AB4-496F-87BD-BE41978DA606}.Debug|Any CPU.Build.0 = Debug|Any CPU
		{7B0A7916-4AB4-496F-87BD-BE41978DA606}.Release|Any CPU.ActiveCfg = Release|Any CPU
		{7B0A7916-4AB4-496F-87BD-BE41978DA606}.Release|Any CPU.Build.0 = Release|Any CPU
		{31BA072A-84DE-4E22-A119-06E8184AB689}.Debug|Any CPU.ActiveCfg = Debug|Any CPU
		{31BA072A-84DE-4E22-A119-06E8184AB689}.Debug|Any CPU.Build.0 = Debug|Any CPU
		{31BA072A-84DE-4E22-A119-06E8184AB689}.Release|Any CPU.ActiveCfg = Release|Any CPU
		{31BA072A-84DE-4E22-A119-06E8184AB689}.Release|Any CPU.Build.0 = Release|Any CPU
		{72AA4295-D4C0-4704-BB37-D0DF023F34CE}.Debug|Any CPU.ActiveCfg = Debug|Any CPU
		{72AA4295-D4C0-4704-BB37-D0DF023F34CE}.Debug|Any CPU.Build.0 = Debug|Any CPU
		{72AA4295-D4C0-4704-BB37-D0DF023F34CE}.Release|Any CPU.ActiveCfg = Release|Any CPU
		{72AA4295-D4C0-4704-BB37-D0DF023F34CE}.Release|Any CPU.Build.0 = Release|Any CPU
		{7B3EB547-9F35-417B-A32A-7576CAD39580}.Debug|Any CPU.ActiveCfg = Debug|Any CPU
		{7B3EB547-9F35-417B-A32A-7576CAD39580}.Debug|Any CPU.Build.0 = Debug|Any CPU
		{7B3EB547-9F35-417B-A32A-7576CAD39580}.Release|Any CPU.ActiveCfg = Release|Any CPU
		{7B3EB547-9F35-417B-A32A-7576CAD39580}.Release|Any CPU.Build.0 = Release|Any CPU
		{87F245F7-081C-4432-86CB-6E4E1229BE63}.Debug|Any CPU.ActiveCfg = Debug|Any CPU
		{87F245F7-081C-4432-86CB-6E4E1229BE63}.Debug|Any CPU.Build.0 = Debug|Any CPU
		{87F245F7-081C-4432-86CB-6E4E1229BE63}.Release|Any CPU.ActiveCfg = Release|Any CPU
		{87F245F7-081C-4432-86CB-6E4E1229BE63}.Release|Any CPU.Build.0 = Release|Any CPU
		{2DF16214-AB04-423C-87B7-777B7EA35854}.Debug|Any CPU.ActiveCfg = Debug|Any CPU
		{2DF16214-AB04-423C-87B7-777B7EA35854}.Debug|Any CPU.Build.0 = Debug|Any CPU
		{2DF16214-AB04-423C-87B7-777B7EA35854}.Release|Any CPU.ActiveCfg = Release|Any CPU
		{2DF16214-AB04-423C-87B7-777B7EA35854}.Release|Any CPU.Build.0 = Release|Any CPU
		{76D1A38E-3B0C-45FE-9E13-80BCE78DA9DD}.Debug|Any CPU.ActiveCfg = Debug|Any CPU
		{76D1A38E-3B0C-45FE-9E13-80BCE78DA9DD}.Debug|Any CPU.Build.0 = Debug|Any CPU
		{76D1A38E-3B0C-45FE-9E13-80BCE78DA9DD}.Release|Any CPU.ActiveCfg = Release|Any CPU
		{76D1A38E-3B0C-45FE-9E13-80BCE78DA9DD}.Release|Any CPU.Build.0 = Release|Any CPU
		{5F84B942-309B-4318-BE79-DD4315000777}.Debug|Any CPU.ActiveCfg = Debug|Any CPU
		{5F84B942-309B-4318-BE79-DD4315000777}.Debug|Any CPU.Build.0 = Debug|Any CPU
		{5F84B942-309B-4318-BE79-DD4315000777}.Release|Any CPU.ActiveCfg = Release|Any CPU
		{5F84B942-309B-4318-BE79-DD4315000777}.Release|Any CPU.Build.0 = Release|Any CPU
		{948431B5-6DC7-4A46-96D0-35717001742D}.Debug|Any CPU.ActiveCfg = Debug|Any CPU
		{948431B5-6DC7-4A46-96D0-35717001742D}.Debug|Any CPU.Build.0 = Debug|Any CPU
		{948431B5-6DC7-4A46-96D0-35717001742D}.Release|Any CPU.ActiveCfg = Release|Any CPU
		{948431B5-6DC7-4A46-96D0-35717001742D}.Release|Any CPU.Build.0 = Release|Any CPU
		{5F9FE210-063F-413F-88F1-C0C48783226B}.Debug|Any CPU.ActiveCfg = Debug|Any CPU
		{5F9FE210-063F-413F-88F1-C0C48783226B}.Debug|Any CPU.Build.0 = Debug|Any CPU
		{5F9FE210-063F-413F-88F1-C0C48783226B}.Release|Any CPU.ActiveCfg = Release|Any CPU
		{5F9FE210-063F-413F-88F1-C0C48783226B}.Release|Any CPU.Build.0 = Release|Any CPU
		{397CF6B4-CA76-4CC0-BF3B-F60AC2E3498E}.Debug|Any CPU.ActiveCfg = Debug|Any CPU
		{397CF6B4-CA76-4CC0-BF3B-F60AC2E3498E}.Debug|Any CPU.Build.0 = Debug|Any CPU
		{397CF6B4-CA76-4CC0-BF3B-F60AC2E3498E}.Release|Any CPU.ActiveCfg = Release|Any CPU
		{397CF6B4-CA76-4CC0-BF3B-F60AC2E3498E}.Release|Any CPU.Build.0 = Release|Any CPU
		{CFA56B92-AB2F-4E62-A172-21C32B793F8E}.Debug|Any CPU.ActiveCfg = Debug|Any CPU
		{CFA56B92-AB2F-4E62-A172-21C32B793F8E}.Debug|Any CPU.Build.0 = Debug|Any CPU
		{CFA56B92-AB2F-4E62-A172-21C32B793F8E}.Release|Any CPU.ActiveCfg = Release|Any CPU
		{CFA56B92-AB2F-4E62-A172-21C32B793F8E}.Release|Any CPU.Build.0 = Release|Any CPU
		{ACE4F9CB-DBD2-480E-A00C-192D30EF0331}.Debug|Any CPU.ActiveCfg = Debug|Any CPU
		{ACE4F9CB-DBD2-480E-A00C-192D30EF0331}.Debug|Any CPU.Build.0 = Debug|Any CPU
		{ACE4F9CB-DBD2-480E-A00C-192D30EF0331}.Release|Any CPU.ActiveCfg = Release|Any CPU
		{ACE4F9CB-DBD2-480E-A00C-192D30EF0331}.Release|Any CPU.Build.0 = Release|Any CPU
		{7E23B42E-3746-4D30-A338-1C20EE636ED7}.Debug|Any CPU.ActiveCfg = Debug|Any CPU
		{7E23B42E-3746-4D30-A338-1C20EE636ED7}.Debug|Any CPU.Build.0 = Debug|Any CPU
		{7E23B42E-3746-4D30-A338-1C20EE636ED7}.Release|Any CPU.ActiveCfg = Release|Any CPU
		{7E23B42E-3746-4D30-A338-1C20EE636ED7}.Release|Any CPU.Build.0 = Release|Any CPU
		{C200D41E-E62F-404C-A1CF-076E8850103A}.Debug|Any CPU.ActiveCfg = Debug|Any CPU
		{C200D41E-E62F-404C-A1CF-076E8850103A}.Debug|Any CPU.Build.0 = Debug|Any CPU
		{C200D41E-E62F-404C-A1CF-076E8850103A}.Release|Any CPU.ActiveCfg = Release|Any CPU
		{C200D41E-E62F-404C-A1CF-076E8850103A}.Release|Any CPU.Build.0 = Release|Any CPU
		{9DD5DCFD-E9B9-4823-9FF4-C57FD7E200C2}.Debug|Any CPU.ActiveCfg = Debug|Any CPU
		{9DD5DCFD-E9B9-4823-9FF4-C57FD7E200C2}.Debug|Any CPU.Build.0 = Debug|Any CPU
		{9DD5DCFD-E9B9-4823-9FF4-C57FD7E200C2}.Release|Any CPU.ActiveCfg = Release|Any CPU
		{9DD5DCFD-E9B9-4823-9FF4-C57FD7E200C2}.Release|Any CPU.Build.0 = Release|Any CPU
		{EBA05BD7-27C3-43C1-8A12-FC6F73EB35F5}.Debug|Any CPU.ActiveCfg = Debug|Any CPU
		{EBA05BD7-27C3-43C1-8A12-FC6F73EB35F5}.Debug|Any CPU.Build.0 = Debug|Any CPU
		{EBA05BD7-27C3-43C1-8A12-FC6F73EB35F5}.Release|Any CPU.ActiveCfg = Release|Any CPU
		{EBA05BD7-27C3-43C1-8A12-FC6F73EB35F5}.Release|Any CPU.Build.0 = Release|Any CPU
		{128A6777-A9DF-4550-A904-834020F93114}.Debug|Any CPU.ActiveCfg = Debug|Any CPU
		{128A6777-A9DF-4550-A904-834020F93114}.Debug|Any CPU.Build.0 = Debug|Any CPU
		{128A6777-A9DF-4550-A904-834020F93114}.Release|Any CPU.ActiveCfg = Release|Any CPU
		{128A6777-A9DF-4550-A904-834020F93114}.Release|Any CPU.Build.0 = Release|Any CPU
	EndGlobalSection
	GlobalSection(SolutionProperties) = preSolution
		HideSolutionNode = FALSE
	EndGlobalSection
	GlobalSection(ExtensibilityGlobals) = postSolution
		SolutionGuid = {05250479-45C6-4A38-B565-BD5612A0D8A1}
	EndGlobalSection
EndGlobal
