
Microsoft Visual Studio Solution File, Format Version 12.00
# Visual Studio Version 17
VisualStudioVersion = 17.9.34616.47
MinimumVisualStudioVersion = 10.0.40219.1
Project("{9A19103F-16F7-4668-BE54-9A1E7A4F7556}") = "inheritance", "inheritance\inheritance.csproj", "{DEAD5FA2-0A88-46F6-9CEB-60944E237E1F}"
EndProject
Project("{9A19103F-16F7-4668-BE54-9A1E7A4F7556}") = "abstraction", "abstraction\abstraction.csproj", "{EE361328-D577-4728-A3CF-8649EC4FCD4C}"
EndProject
Project("{9A19103F-16F7-4668-BE54-9A1E7A4F7556}") = "tests_after_test", "tests_after_test\tests_after_test.csproj", "{583F3CCE-782C-4146-9E1D-9EF4CAE5B26D}"
EndProject
Project("{9A19103F-16F7-4668-BE54-9A1E7A4F7556}") = "polymorphism", "polymorphism\polymorphism.csproj", "{4D78A331-0B6A-441E-9344-16EB2E3B1F3E}"
EndProject
Project("{FAE04EC0-301F-11D3-BF4B-00C04F79EFBC}") = "encapsulation", "encapsulation\encapsulation.csproj", "{7B0A7916-4AB4-496F-87BD-BE41978DA606}"
EndProject
Project("{FAE04EC0-301F-11D3-BF4B-00C04F79EFBC}") = "keyword_static", "keyword_static\keyword_static.csproj", "{31BA072A-84DE-4E22-A119-06E8184AB689}"
EndProject
Project("{FAE04EC0-301F-11D3-BF4B-00C04F79EFBC}") = "extension_methods", "extension_methods\extension_methods.csproj", "{72AA4295-D4C0-4704-BB37-D0DF023F34CE}"
EndProject
Global
	GlobalSection(SolutionConfigurationPlatforms) = preSolution
		Debug|Any CPU = Debug|Any CPU
		Release|Any CPU = Release|Any CPU
	EndGlobalSection
	GlobalSection(ProjectConfigurationPlatforms) = postSolution
		{DEAD5FA2-0A88-46F6-9CEB-60944E237E1F}.Debug|Any CPU.ActiveCfg = Debug|Any CPU
		{DEAD5FA2-0A88-46F6-9CEB-60944E237E1F}.Debug|Any CPU.Build.0 = Debug|Any CPU
		{DEAD5FA2-0A88-46F6-9CEB-60944E237E1F}.Release|Any CPU.ActiveCfg = Release|Any CPU
		{DEAD5FA2-0A88-46F6-9CEB-60944E237E1F}.Release|Any CPU.Build.0 = Release|Any CPU
		{EE361328-D577-4728-A3CF-8649EC4FCD4C}.Debug|Any CPU.ActiveCfg = Debug|Any CPU
		{EE361328-D577-4728-A3CF-8649EC4FCD4C}.Debug|Any CPU.Build.0 = Debug|Any CPU
		{EE361328-D577-4728-A3CF-8649EC4FCD4C}.Release|Any CPU.ActiveCfg = Release|Any CPU
		{EE361328-D577-4728-A3CF-8649EC4FCD4C}.Release|Any CPU.Build.0 = Release|Any CPU
		{583F3CCE-782C-4146-9E1D-9EF4CAE5B26D}.Debug|Any CPU.ActiveCfg = Debug|Any CPU
		{583F3CCE-782C-4146-9E1D-9EF4CAE5B26D}.Debug|Any CPU.Build.0 = Debug|Any CPU
		{583F3CCE-782C-4146-9E1D-9EF4CAE5B26D}.Release|Any CPU.ActiveCfg = Release|Any CPU
		{583F3CCE-782C-4146-9E1D-9EF4CAE5B26D}.Release|Any CPU.Build.0 = Release|Any CPU
		{4D78A331-0B6A-441E-9344-16EB2E3B1F3E}.Debug|Any CPU.ActiveCfg = Debug|Any CPU
		{4D78A331-0B6A-441E-9344-16EB2E3B1F3E}.Debug|Any CPU.Build.0 = Debug|Any CPU
		{4D78A331-0B6A-441E-9344-16EB2E3B1F3E}.Release|Any CPU.ActiveCfg = Release|Any CPU
		{4D78A331-0B6A-441E-9344-16EB2E3B1F3E}.Release|Any CPU.Build.0 = Release|Any CPU
		{7B0A7916-4AB4-496F-87BD-BE41978DA606}.Debug|Any CPU.ActiveCfg = Debug|Any CPU
		{7B0A7916-4AB4-496F-87BD-BE41978DA606}.Debug|Any CPU.Build.0 = Debug|Any CPU
		{7B0A7916-4AB4-496F-87BD-BE41978DA606}.Release|Any CPU.ActiveCfg = Release|Any CPU
		{7B0A7916-4AB4-496F-87BD-BE41978DA606}.Release|Any CPU.Build.0 = Release|Any CPU
		{31BA072A-84DE-4E22-A119-06E8184AB689}.Debug|Any CPU.ActiveCfg = Debug|Any CPU
		{31BA072A-84DE-4E22-A119-06E8184AB689}.Debug|Any CPU.Build.0 = Debug|Any CPU
		{31BA072A-84DE-4E22-A119-06E8184AB689}.Release|Any CPU.ActiveCfg = Release|Any CPU
		{31BA072A-84DE-4E22-A119-06E8184AB689}.Release|Any CPU.Build.0 = Release|Any CPU
		{72AA4295-D4C0-4704-BB37-D0DF023F34CE}.Debug|Any CPU.ActiveCfg = Debug|Any CPU
		{72AA4295-D4C0-4704-BB37-D0DF023F34CE}.Debug|Any CPU.Build.0 = Debug|Any CPU
		{72AA4295-D4C0-4704-BB37-D0DF023F34CE}.Release|Any CPU.ActiveCfg = Release|Any CPU
		{72AA4295-D4C0-4704-BB37-D0DF023F34CE}.Release|Any CPU.Build.0 = Release|Any CPU
	EndGlobalSection
	GlobalSection(SolutionProperties) = preSolution
		HideSolutionNode = FALSE
	EndGlobalSection
	GlobalSection(ExtensibilityGlobals) = postSolution
		SolutionGuid = {05250479-45C6-4A38-B565-BD5612A0D8A1}
	EndGlobalSection
EndGlobal
